
Microsoft Visual Studio Solution File, Format Version 12.00
# Visual Studio 14
VisualStudioVersion = 14.0.25420.1
MinimumVisualStudioVersion = 10.0.40219.1
Project("{FAE04EC0-301F-11D3-BF4B-00C04F79EFBC}") = "WinForm.DesktopToolsWidget", "WinForm.DesktopToolsWidget\WinForm.DesktopToolsWidget.csproj", "{89279611-494E-4540-B238-90A2FF12856B}"
EndProject
Project("{FAE04EC0-301F-11D3-BF4B-00C04F79EFBC}") = "Wpf.DesktopToolsWidget", "Wpf.DesktopToolsWidget\Wpf.DesktopToolsWidget.csproj", "{2ECEE08D-05C3-4F60-9E1A-4F3378B43F22}"
EndProject
Global
	GlobalSection(SolutionConfigurationPlatforms) = preSolution
		Debug|Any CPU = Debug|Any CPU
		Release|Any CPU = Release|Any CPU
	EndGlobalSection
	GlobalSection(ProjectConfigurationPlatforms) = postSolution
		{89279611-494E-4540-B238-90A2FF12856B}.Debug|Any CPU.ActiveCfg = Debug|Any CPU
		{89279611-494E-4540-B238-90A2FF12856B}.Debug|Any CPU.Build.0 = Debug|Any CPU
		{89279611-494E-4540-B238-90A2FF12856B}.Release|Any CPU.ActiveCfg = Release|Any CPU
		{89279611-494E-4540-B238-90A2FF12856B}.Release|Any CPU.Build.0 = Release|Any CPU
		{2ECEE08D-05C3-4F60-9E1A-4F3378B43F22}.Debug|Any CPU.ActiveCfg = Debug|Any CPU
		{2ECEE08D-05C3-4F60-9E1A-4F3378B43F22}.Debug|Any CPU.Build.0 = Debug|Any CPU
		{2ECEE08D-05C3-4F60-9E1A-4F3378B43F22}.Release|Any CPU.ActiveCfg = Release|Any CPU
		{2ECEE08D-05C3-4F60-9E1A-4F3378B43F22}.Release|Any CPU.Build.0 = Release|Any CPU
	EndGlobalSection
	GlobalSection(SolutionProperties) = preSolution
		HideSolutionNode = FALSE
	EndGlobalSection
EndGlobal
